
Microsoft Visual Studio Solution File, Format Version 11.00
# Visual Studio 2010
Project("{FAE04EC0-301F-11D3-BF4B-00C04F79EFBC}") = "SGCTechnology", "SGCTechnology\SGCTechnology.csproj", "{52EFC4A6-F643-45A4-A111-8D9D8C38216D}"
EndProject
Global
	GlobalSection(SolutionConfigurationPlatforms) = preSolution
		Debug|Any CPU = Debug|Any CPU
		Release|Any CPU = Release|Any CPU
	EndGlobalSection
	GlobalSection(ProjectConfigurationPlatforms) = postSolution
		{52EFC4A6-F643-45A4-A111-8D9D8C38216D}.Debug|Any CPU.ActiveCfg = Debug|Any CPU
		{52EFC4A6-F643-45A4-A111-8D9D8C38216D}.Debug|Any CPU.Build.0 = Debug|Any CPU
		{52EFC4A6-F643-45A4-A111-8D9D8C38216D}.Release|Any CPU.ActiveCfg = Release|Any CPU
		{52EFC4A6-F643-45A4-A111-8D9D8C38216D}.Release|Any CPU.Build.0 = Release|Any CPU
	EndGlobalSection
	GlobalSection(SolutionProperties) = preSolution
		HideSolutionNode = FALSE
	EndGlobalSection
EndGlobal
